
Microsoft Visual Studio Solution File, Format Version 12.00
# Visual Studio Version 16
VisualStudioVersion = 16.0.29201.188
MinimumVisualStudioVersion = 10.0.40219.1
Project("{9A19103F-16F7-4668-BE54-9A1E7A4F7556}") = "Arnible.MathModeling", "Arnible.MathModeling\Arnible.MathModeling.csproj", "{F492740C-6BBD-453B-A90D-258E5F1F92C9}"
EndProject
Project("{9A19103F-16F7-4668-BE54-9A1E7A4F7556}") = "Arnible.MathModeling.Test", "Arnible.MathModeling.Test\Arnible.MathModeling.Test.csproj", "{200FC106-870E-44A2-ADA6-2699AC79E497}"
EndProject
Project("{2150E333-8FDC-42A3-9474-1A3956D46DE8}") = "Solution Items", "Solution Items", "{2CBA47FE-8AD6-435B-BA18-8A8C7B3D0B6D}"
	ProjectSection(SolutionItems) = preProject
		README.md = README.md
	EndProjectSection
EndProject
Project("{9A19103F-16F7-4668-BE54-9A1E7A4F7556}") = "Arnible.MathModeling.Formal", "Arnible.MathModeling.Formal\Arnible.MathModeling.Formal.csproj", "{E5F2C6B5-A65A-445B-AA56-5AE375D4D94F}"
EndProject
Project("{9A19103F-16F7-4668-BE54-9A1E7A4F7556}") = "Arnible.MathModeling.Formal.Test", "Arnible.MathModeling.Formal.Test\Arnible.MathModeling.Formal.Test.csproj", "{FB715C29-D260-488B-AE5D-DA4F612A7200}"
EndProject
Project("{FAE04EC0-301F-11D3-BF4B-00C04F79EFBC}") = "Arnible.MathModelling.xunit", "Arnible.MathModelling.xunit\Arnible.MathModelling.xunit.csproj", "{CD8527E9-799B-43C1-9905-448521D86F8B}"
EndProject
Project("{FAE04EC0-301F-11D3-BF4B-00C04F79EFBC}") = "Arnible.MathModelling.Formal.xunit", "Arnible.MathModelling.Formal.xunit\Arnible.MathModelling.Formal.xunit.csproj", "{30A7258E-C318-4374-91B6-D69FEB7E0AC0}"
EndProject
Global
	GlobalSection(SolutionConfigurationPlatforms) = preSolution
		Debug|Any CPU = Debug|Any CPU
		Release|Any CPU = Release|Any CPU
	EndGlobalSection
	GlobalSection(ProjectConfigurationPlatforms) = postSolution
		{F492740C-6BBD-453B-A90D-258E5F1F92C9}.Debug|Any CPU.ActiveCfg = Debug|Any CPU
		{F492740C-6BBD-453B-A90D-258E5F1F92C9}.Debug|Any CPU.Build.0 = Debug|Any CPU
		{F492740C-6BBD-453B-A90D-258E5F1F92C9}.Release|Any CPU.ActiveCfg = Release|Any CPU
		{F492740C-6BBD-453B-A90D-258E5F1F92C9}.Release|Any CPU.Build.0 = Release|Any CPU
		{200FC106-870E-44A2-ADA6-2699AC79E497}.Debug|Any CPU.ActiveCfg = Debug|Any CPU
		{200FC106-870E-44A2-ADA6-2699AC79E497}.Debug|Any CPU.Build.0 = Debug|Any CPU
		{200FC106-870E-44A2-ADA6-2699AC79E497}.Release|Any CPU.ActiveCfg = Release|Any CPU
		{200FC106-870E-44A2-ADA6-2699AC79E497}.Release|Any CPU.Build.0 = Release|Any CPU
		{E5F2C6B5-A65A-445B-AA56-5AE375D4D94F}.Debug|Any CPU.ActiveCfg = Debug|Any CPU
		{E5F2C6B5-A65A-445B-AA56-5AE375D4D94F}.Debug|Any CPU.Build.0 = Debug|Any CPU
		{E5F2C6B5-A65A-445B-AA56-5AE375D4D94F}.Release|Any CPU.ActiveCfg = Release|Any CPU
		{E5F2C6B5-A65A-445B-AA56-5AE375D4D94F}.Release|Any CPU.Build.0 = Release|Any CPU
		{FB715C29-D260-488B-AE5D-DA4F612A7200}.Debug|Any CPU.ActiveCfg = Debug|Any CPU
		{FB715C29-D260-488B-AE5D-DA4F612A7200}.Debug|Any CPU.Build.0 = Debug|Any CPU
		{FB715C29-D260-488B-AE5D-DA4F612A7200}.Release|Any CPU.ActiveCfg = Release|Any CPU
		{FB715C29-D260-488B-AE5D-DA4F612A7200}.Release|Any CPU.Build.0 = Release|Any CPU
		{CD8527E9-799B-43C1-9905-448521D86F8B}.Debug|Any CPU.ActiveCfg = Debug|Any CPU
		{CD8527E9-799B-43C1-9905-448521D86F8B}.Debug|Any CPU.Build.0 = Debug|Any CPU
		{CD8527E9-799B-43C1-9905-448521D86F8B}.Release|Any CPU.ActiveCfg = Release|Any CPU
		{CD8527E9-799B-43C1-9905-448521D86F8B}.Release|Any CPU.Build.0 = Release|Any CPU
		{30A7258E-C318-4374-91B6-D69FEB7E0AC0}.Debug|Any CPU.ActiveCfg = Debug|Any CPU
		{30A7258E-C318-4374-91B6-D69FEB7E0AC0}.Debug|Any CPU.Build.0 = Debug|Any CPU
		{30A7258E-C318-4374-91B6-D69FEB7E0AC0}.Release|Any CPU.ActiveCfg = Release|Any CPU
		{30A7258E-C318-4374-91B6-D69FEB7E0AC0}.Release|Any CPU.Build.0 = Release|Any CPU
	EndGlobalSection
	GlobalSection(SolutionProperties) = preSolution
		HideSolutionNode = FALSE
	EndGlobalSection
	GlobalSection(ExtensibilityGlobals) = postSolution
		SolutionGuid = {94E2A7EF-75B3-48ED-B97D-C52E75FFFF2B}
	EndGlobalSection
EndGlobal
